// !$*UTF8*$!
{
	archiveVersion = 1;
	classes = {
	};
	objectVersion = 50;
	objects = {

/* Begin PBXBuildFile section */
		90ADCFF3242404A400985668 /* AppDelegate.swift in Sources */ = {isa = PBXBuildFile; fileRef = 90ADCFF2242404A400985668 /* AppDelegate.swift */; };
		90ADCFF5242404A400985668 /* SceneDelegate.swift in Sources */ = {isa = PBXBuildFile; fileRef = 90ADCFF4242404A400985668 /* SceneDelegate.swift */; };
		90ADCFF7242404A400985668 /* ContentView.swift in Sources */ = {isa = PBXBuildFile; fileRef = 90ADCFF6242404A400985668 /* ContentView.swift */; };
		90ADCFF9242404A800985668 /* Assets.xcassets in Resources */ = {isa = PBXBuildFile; fileRef = 90ADCFF8242404A800985668 /* Assets.xcassets */; };
		90ADCFFC242404A800985668 /* Preview Assets.xcassets in Resources */ = {isa = PBXBuildFile; fileRef = 90ADCFFB242404A800985668 /* Preview Assets.xcassets */; };
		90ADCFFF242404A800985668 /* LaunchScreen.storyboard in Resources */ = {isa = PBXBuildFile; fileRef = 90ADCFFD242404A800985668 /* LaunchScreen.storyboard */; };
		90ADD00A242404A800985668 /* GifUpTests.swift in Sources */ = {isa = PBXBuildFile; fileRef = 90ADD009242404A800985668 /* GifUpTests.swift */; };
		90ADD015242404A800985668 /* GifUpUITests.swift in Sources */ = {isa = PBXBuildFile; fileRef = 90ADD014242404A800985668 /* GifUpUITests.swift */; };
		90ADD0232424065700985668 /* NaiveGifConverterService.swift in Sources */ = {isa = PBXBuildFile; fileRef = 90ADD0222424065700985668 /* NaiveGifConverterService.swift */; };
		90ADD0252424072400985668 /* CMTime++.swift in Sources */ = {isa = PBXBuildFile; fileRef = 90ADD0242424072400985668 /* CMTime++.swift */; };
		90ADD0272424F5F100985668 /* GifConversionError.swift in Sources */ = {isa = PBXBuildFile; fileRef = 90ADD0262424F5F100985668 /* GifConversionError.swift */; };
		90E411202424F7E500A14EC2 /* CExample.mp4 in Resources */ = {isa = PBXBuildFile; fileRef = 90E4111F2424F7E500A14EC2 /* CExample.mp4 */; };
		90E411222424FE4E00A14EC2 /* AssetBulkGifConverterService.swift in Sources */ = {isa = PBXBuildFile; fileRef = 90E411212424FE4E00A14EC2 /* AssetBulkGifConverterService.swift */; };
/* End PBXBuildFile section */

/* Begin PBXContainerItemProxy section */
		90ADD006242404A800985668 /* PBXContainerItemProxy */ = {
			isa = PBXContainerItemProxy;
			containerPortal = 90ADCFE7242404A400985668 /* Project object */;
			proxyType = 1;
			remoteGlobalIDString = 90ADCFEE242404A400985668;
			remoteInfo = GifUp;
		};
		90ADD011242404A800985668 /* PBXContainerItemProxy */ = {
			isa = PBXContainerItemProxy;
			containerPortal = 90ADCFE7242404A400985668 /* Project object */;
			proxyType = 1;
			remoteGlobalIDString = 90ADCFEE242404A400985668;
			remoteInfo = GifUp;
		};
/* End PBXContainerItemProxy section */

/* Begin PBXFileReference section */
		90ADCFEF242404A400985668 /* GifUp.app */ = {isa = PBXFileReference; explicitFileType = wrapper.application; includeInIndex = 0; path = GifUp.app; sourceTree = BUILT_PRODUCTS_DIR; };
		90ADCFF2242404A400985668 /* AppDelegate.swift */ = {isa = PBXFileReference; lastKnownFileType = sourcecode.swift; path = AppDelegate.swift; sourceTree = "<group>"; };
		90ADCFF4242404A400985668 /* SceneDelegate.swift */ = {isa = PBXFileReference; lastKnownFileType = sourcecode.swift; path = SceneDelegate.swift; sourceTree = "<group>"; };
		90ADCFF6242404A400985668 /* ContentView.swift */ = {isa = PBXFileReference; lastKnownFileType = sourcecode.swift; path = ContentView.swift; sourceTree = "<group>"; };
		90ADCFF8242404A800985668 /* Assets.xcassets */ = {isa = PBXFileReference; lastKnownFileType = folder.assetcatalog; path = Assets.xcassets; sourceTree = "<group>"; };
		90ADCFFB242404A800985668 /* Preview Assets.xcassets */ = {isa = PBXFileReference; lastKnownFileType = folder.assetcatalog; path = "Preview Assets.xcassets"; sourceTree = "<group>"; };
		90ADCFFE242404A800985668 /* Base */ = {isa = PBXFileReference; lastKnownFileType = file.storyboard; name = Base; path = Base.lproj/LaunchScreen.storyboard; sourceTree = "<group>"; };
		90ADD000242404A800985668 /* Info.plist */ = {isa = PBXFileReference; lastKnownFileType = text.plist.xml; path = Info.plist; sourceTree = "<group>"; };
		90ADD005242404A800985668 /* GifUpTests.xctest */ = {isa = PBXFileReference; explicitFileType = wrapper.cfbundle; includeInIndex = 0; path = GifUpTests.xctest; sourceTree = BUILT_PRODUCTS_DIR; };
		90ADD009242404A800985668 /* GifUpTests.swift */ = {isa = PBXFileReference; lastKnownFileType = sourcecode.swift; path = GifUpTests.swift; sourceTree = "<group>"; };
		90ADD00B242404A800985668 /* Info.plist */ = {isa = PBXFileReference; lastKnownFileType = text.plist.xml; path = Info.plist; sourceTree = "<group>"; };
		90ADD010242404A800985668 /* GifUpUITests.xctest */ = {isa = PBXFileReference; explicitFileType = wrapper.cfbundle; includeInIndex = 0; path = GifUpUITests.xctest; sourceTree = BUILT_PRODUCTS_DIR; };
		90ADD014242404A800985668 /* GifUpUITests.swift */ = {isa = PBXFileReference; lastKnownFileType = sourcecode.swift; path = GifUpUITests.swift; sourceTree = "<group>"; };
		90ADD016242404A800985668 /* Info.plist */ = {isa = PBXFileReference; lastKnownFileType = text.plist.xml; path = Info.plist; sourceTree = "<group>"; };
		90ADD0222424065700985668 /* NaiveGifConverterService.swift */ = {isa = PBXFileReference; lastKnownFileType = sourcecode.swift; path = NaiveGifConverterService.swift; sourceTree = "<group>"; };
		90ADD0242424072400985668 /* CMTime++.swift */ = {isa = PBXFileReference; lastKnownFileType = sourcecode.swift; path = "CMTime++.swift"; sourceTree = "<group>"; };
		90ADD0262424F5F100985668 /* GifConversionError.swift */ = {isa = PBXFileReference; lastKnownFileType = sourcecode.swift; path = GifConversionError.swift; sourceTree = "<group>"; };
		90E4111F2424F7E500A14EC2 /* CExample.mp4 */ = {isa = PBXFileReference; lastKnownFileType = file; path = CExample.mp4; sourceTree = "<group>"; };
		90E411212424FE4E00A14EC2 /* AssetBulkGifConverterService.swift */ = {isa = PBXFileReference; fileEncoding = 4; lastKnownFileType = sourcecode.swift; path = AssetBulkGifConverterService.swift; sourceTree = "<group>"; };
/* End PBXFileReference section */

/* Begin PBXFrameworksBuildPhase section */
		90ADCFEC242404A400985668 /* Frameworks */ = {
			isa = PBXFrameworksBuildPhase;
			buildActionMask = 2147483647;
			files = (
			);
			runOnlyForDeploymentPostprocessing = 0;
		};
		90ADD002242404A800985668 /* Frameworks */ = {
			isa = PBXFrameworksBuildPhase;
			buildActionMask = 2147483647;
			files = (
			);
			runOnlyForDeploymentPostprocessing = 0;
		};
		90ADD00D242404A800985668 /* Frameworks */ = {
			isa = PBXFrameworksBuildPhase;
			buildActionMask = 2147483647;
			files = (
			);
			runOnlyForDeploymentPostprocessing = 0;
		};
/* End PBXFrameworksBuildPhase section */

/* Begin PBXGroup section */
		90ADCFE6242404A400985668 = {
			isa = PBXGroup;
			children = (
				90ADCFF1242404A400985668 /* GifUp */,
				90ADD008242404A800985668 /* GifUpTests */,
				90ADD013242404A800985668 /* GifUpUITests */,
				90ADCFF0242404A400985668 /* Products */,
			);
			sourceTree = "<group>";
		};
		90ADCFF0242404A400985668 /* Products */ = {
			isa = PBXGroup;
			children = (
				90ADCFEF242404A400985668 /* GifUp.app */,
				90ADD005242404A800985668 /* GifUpTests.xctest */,
				90ADD010242404A800985668 /* GifUpUITests.xctest */,
			);
			name = Products;
			sourceTree = "<group>";
		};
		90ADCFF1242404A400985668 /* GifUp */ = {
			isa = PBXGroup;
			children = (
				90ADCFF2242404A400985668 /* AppDelegate.swift */,
				90ADCFF4242404A400985668 /* SceneDelegate.swift */,
				90ADCFF6242404A400985668 /* ContentView.swift */,
				90E4111F2424F7E500A14EC2 /* CExample.mp4 */,
				90ADCFF8242404A800985668 /* Assets.xcassets */,
				90ADCFFD242404A800985668 /* LaunchScreen.storyboard */,
				90ADD000242404A800985668 /* Info.plist */,
				90ADCFFA242404A800985668 /* Preview Content */,
				90ADD0222424065700985668 /* NaiveGifConverterService.swift */,
				90E411212424FE4E00A14EC2 /* AssetBulkGifConverterService.swift */,
				90ADD0242424072400985668 /* CMTime++.swift */,
				90ADD0262424F5F100985668 /* GifConversionError.swift */,
			);
			path = GifUp;
			sourceTree = "<group>";
		};
		90ADCFFA242404A800985668 /* Preview Content */ = {
			isa = PBXGroup;
			children = (
				90ADCFFB242404A800985668 /* Preview Assets.xcassets */,
			);
			path = "Preview Content";
			sourceTree = "<group>";
		};
		90ADD008242404A800985668 /* GifUpTests */ = {
			isa = PBXGroup;
			children = (
				90ADD009242404A800985668 /* GifUpTests.swift */,
				90ADD00B242404A800985668 /* Info.plist */,
			);
			path = GifUpTests;
			sourceTree = "<group>";
		};
		90ADD013242404A800985668 /* GifUpUITests */ = {
			isa = PBXGroup;
			children = (
				90ADD014242404A800985668 /* GifUpUITests.swift */,
				90ADD016242404A800985668 /* Info.plist */,
			);
			path = GifUpUITests;
			sourceTree = "<group>";
		};
/* End PBXGroup section */

/* Begin PBXNativeTarget section */
		90ADCFEE242404A400985668 /* GifUp */ = {
			isa = PBXNativeTarget;
			buildConfigurationList = 90ADD019242404A800985668 /* Build configuration list for PBXNativeTarget "GifUp" */;
			buildPhases = (
				90ADCFEB242404A400985668 /* Sources */,
				90ADCFEC242404A400985668 /* Frameworks */,
				90ADCFED242404A400985668 /* Resources */,
			);
			buildRules = (
			);
			dependencies = (
			);
			name = GifUp;
			productName = GifUp;
			productReference = 90ADCFEF242404A400985668 /* GifUp.app */;
			productType = "com.apple.product-type.application";
		};
		90ADD004242404A800985668 /* GifUpTests */ = {
			isa = PBXNativeTarget;
			buildConfigurationList = 90ADD01C242404A800985668 /* Build configuration list for PBXNativeTarget "GifUpTests" */;
			buildPhases = (
				90ADD001242404A800985668 /* Sources */,
				90ADD002242404A800985668 /* Frameworks */,
				90ADD003242404A800985668 /* Resources */,
			);
			buildRules = (
			);
			dependencies = (
				90ADD007242404A800985668 /* PBXTargetDependency */,
			);
			name = GifUpTests;
			productName = GifUpTests;
			productReference = 90ADD005242404A800985668 /* GifUpTests.xctest */;
			productType = "com.apple.product-type.bundle.unit-test";
		};
		90ADD00F242404A800985668 /* GifUpUITests */ = {
			isa = PBXNativeTarget;
			buildConfigurationList = 90ADD01F242404A800985668 /* Build configuration list for PBXNativeTarget "GifUpUITests" */;
			buildPhases = (
				90ADD00C242404A800985668 /* Sources */,
				90ADD00D242404A800985668 /* Frameworks */,
				90ADD00E242404A800985668 /* Resources */,
			);
			buildRules = (
			);
			dependencies = (
				90ADD012242404A800985668 /* PBXTargetDependency */,
			);
			name = GifUpUITests;
			productName = GifUpUITests;
			productReference = 90ADD010242404A800985668 /* GifUpUITests.xctest */;
			productType = "com.apple.product-type.bundle.ui-testing";
		};
/* End PBXNativeTarget section */

/* Begin PBXProject section */
		90ADCFE7242404A400985668 /* Project object */ = {
			isa = PBXProject;
			attributes = {
				LastSwiftUpdateCheck = 1130;
				LastUpgradeCheck = 1130;
				ORGANIZATIONNAME = "Team Nighthawk, LLC";
				TargetAttributes = {
					90ADCFEE242404A400985668 = {
						CreatedOnToolsVersion = 11.3.1;
					};
					90ADD004242404A800985668 = {
						CreatedOnToolsVersion = 11.3.1;
						TestTargetID = 90ADCFEE242404A400985668;
					};
					90ADD00F242404A800985668 = {
						CreatedOnToolsVersion = 11.3.1;
						TestTargetID = 90ADCFEE242404A400985668;
					};
				};
			};
			buildConfigurationList = 90ADCFEA242404A400985668 /* Build configuration list for PBXProject "GifUp" */;
			compatibilityVersion = "Xcode 9.3";
			developmentRegion = en;
			hasScannedForEncodings = 0;
			knownRegions = (
				en,
				Base,
			);
			mainGroup = 90ADCFE6242404A400985668;
			productRefGroup = 90ADCFF0242404A400985668 /* Products */;
			projectDirPath = "";
			projectRoot = "";
			targets = (
				90ADCFEE242404A400985668 /* GifUp */,
				90ADD004242404A800985668 /* GifUpTests */,
				90ADD00F242404A800985668 /* GifUpUITests */,
			);
		};
/* End PBXProject section */

/* Begin PBXResourcesBuildPhase section */
		90ADCFED242404A400985668 /* Resources */ = {
			isa = PBXResourcesBuildPhase;
			buildActionMask = 2147483647;
			files = (
				90E411202424F7E500A14EC2 /* CExample.mp4 in Resources */,
				90ADCFFF242404A800985668 /* LaunchScreen.storyboard in Resources */,
				90ADCFFC242404A800985668 /* Preview Assets.xcassets in Resources */,
				90ADCFF9242404A800985668 /* Assets.xcassets in Resources */,
			);
			runOnlyForDeploymentPostprocessing = 0;
		};
		90ADD003242404A800985668 /* Resources */ = {
			isa = PBXResourcesBuildPhase;
			buildActionMask = 2147483647;
			files = (
			);
			runOnlyForDeploymentPostprocessing = 0;
		};
		90ADD00E242404A800985668 /* Resources */ = {
			isa = PBXResourcesBuildPhase;
			buildActionMask = 2147483647;
			files = (
			);
			runOnlyForDeploymentPostprocessing = 0;
		};
/* End PBXResourcesBuildPhase section */

/* Begin PBXSourcesBuildPhase section */
		90ADCFEB242404A400985668 /* Sources */ = {
			isa = PBXSourcesBuildPhase;
			buildActionMask = 2147483647;
			files = (
				90ADCFF3242404A400985668 /* AppDelegate.swift in Sources */,
				90ADD0252424072400985668 /* CMTime++.swift in Sources */,
				90ADCFF5242404A400985668 /* SceneDelegate.swift in Sources */,
				90ADCFF7242404A400985668 /* ContentView.swift in Sources */,
				90ADD0232424065700985668 /* NaiveGifConverterService.swift in Sources */,
				90E411222424FE4E00A14EC2 /* AssetBulkGifConverterService.swift in Sources */,
				90ADD0272424F5F100985668 /* GifConversionError.swift in Sources */,
			);
			runOnlyForDeploymentPostprocessing = 0;
		};
		90ADD001242404A800985668 /* Sources */ = {
			isa = PBXSourcesBuildPhase;
			buildActionMask = 2147483647;
			files = (
				90ADD00A242404A800985668 /* GifUpTests.swift in Sources */,
			);
			runOnlyForDeploymentPostprocessing = 0;
		};
		90ADD00C242404A800985668 /* Sources */ = {
			isa = PBXSourcesBuildPhase;
			buildActionMask = 2147483647;
			files = (
				90ADD015242404A800985668 /* GifUpUITests.swift in Sources */,
			);
			runOnlyForDeploymentPostprocessing = 0;
		};
/* End PBXSourcesBuildPhase section */

/* Begin PBXTargetDependency section */
		90ADD007242404A800985668 /* PBXTargetDependency */ = {
			isa = PBXTargetDependency;
			target = 90ADCFEE242404A400985668 /* GifUp */;
			targetProxy = 90ADD006242404A800985668 /* PBXContainerItemProxy */;
		};
		90ADD012242404A800985668 /* PBXTargetDependency */ = {
			isa = PBXTargetDependency;
			target = 90ADCFEE242404A400985668 /* GifUp */;
			targetProxy = 90ADD011242404A800985668 /* PBXContainerItemProxy */;
		};
/* End PBXTargetDependency section */

/* Begin PBXVariantGroup section */
		90ADCFFD242404A800985668 /* LaunchScreen.storyboard */ = {
			isa = PBXVariantGroup;
			children = (
				90ADCFFE242404A800985668 /* Base */,
			);
			name = LaunchScreen.storyboard;
			sourceTree = "<group>";
		};
/* End PBXVariantGroup section */

/* Begin XCBuildConfiguration section */
		90ADD017242404A800985668 /* Debug */ = {
			isa = XCBuildConfiguration;
			buildSettings = {
				ALWAYS_SEARCH_USER_PATHS = NO;
				CLANG_ANALYZER_NONNULL = YES;
				CLANG_ANALYZER_NUMBER_OBJECT_CONVERSION = YES_AGGRESSIVE;
				CLANG_CXX_LANGUAGE_STANDARD = "gnu++14";
				CLANG_CXX_LIBRARY = "libc++";
				CLANG_ENABLE_MODULES = YES;
				CLANG_ENABLE_OBJC_ARC = YES;
				CLANG_ENABLE_OBJC_WEAK = YES;
				CLANG_WARN_BLOCK_CAPTURE_AUTORELEASING = YES;
				CLANG_WARN_BOOL_CONVERSION = YES;
				CLANG_WARN_COMMA = YES;
				CLANG_WARN_CONSTANT_CONVERSION = YES;
				CLANG_WARN_DEPRECATED_OBJC_IMPLEMENTATIONS = YES;
				CLANG_WARN_DIRECT_OBJC_ISA_USAGE = YES_ERROR;
				CLANG_WARN_DOCUMENTATION_COMMENTS = YES;
				CLANG_WARN_EMPTY_BODY = YES;
				CLANG_WARN_ENUM_CONVERSION = YES;
				CLANG_WARN_INFINITE_RECURSION = YES;
				CLANG_WARN_INT_CONVERSION = YES;
				CLANG_WARN_NON_LITERAL_NULL_CONVERSION = YES;
				CLANG_WARN_OBJC_IMPLICIT_RETAIN_SELF = YES;
				CLANG_WARN_OBJC_LITERAL_CONVERSION = YES;
				CLANG_WARN_OBJC_ROOT_CLASS = YES_ERROR;
				CLANG_WARN_RANGE_LOOP_ANALYSIS = YES;
				CLANG_WARN_STRICT_PROTOTYPES = YES;
				CLANG_WARN_SUSPICIOUS_MOVE = YES;
				CLANG_WARN_UNGUARDED_AVAILABILITY = YES_AGGRESSIVE;
				CLANG_WARN_UNREACHABLE_CODE = YES;
				CLANG_WARN__DUPLICATE_METHOD_MATCH = YES;
				COPY_PHASE_STRIP = NO;
				DEBUG_INFORMATION_FORMAT = dwarf;
				ENABLE_STRICT_OBJC_MSGSEND = YES;
				ENABLE_TESTABILITY = YES;
				GCC_C_LANGUAGE_STANDARD = gnu11;
				GCC_DYNAMIC_NO_PIC = NO;
				GCC_NO_COMMON_BLOCKS = YES;
				GCC_OPTIMIZATION_LEVEL = 0;
				GCC_PREPROCESSOR_DEFINITIONS = (
					"DEBUG=1",
					"$(inherited)",
				);
				GCC_WARN_64_TO_32_BIT_CONVERSION = YES;
				GCC_WARN_ABOUT_RETURN_TYPE = YES_ERROR;
				GCC_WARN_UNDECLARED_SELECTOR = YES;
				GCC_WARN_UNINITIALIZED_AUTOS = YES_AGGRESSIVE;
				GCC_WARN_UNUSED_FUNCTION = YES;
				GCC_WARN_UNUSED_VARIABLE = YES;
				IPHONEOS_DEPLOYMENT_TARGET = 13.2;
				MTL_ENABLE_DEBUG_INFO = INCLUDE_SOURCE;
				MTL_FAST_MATH = YES;
				ONLY_ACTIVE_ARCH = YES;
				SDKROOT = iphoneos;
				SWIFT_ACTIVE_COMPILATION_CONDITIONS = DEBUG;
				SWIFT_OPTIMIZATION_LEVEL = "-Onone";
			};
			name = Debug;
		};
		90ADD018242404A800985668 /* Release */ = {
			isa = XCBuildConfiguration;
			buildSettings = {
				ALWAYS_SEARCH_USER_PATHS = NO;
				CLANG_ANALYZER_NONNULL = YES;
				CLANG_ANALYZER_NUMBER_OBJECT_CONVERSION = YES_AGGRESSIVE;
				CLANG_CXX_LANGUAGE_STANDARD = "gnu++14";
				CLANG_CXX_LIBRARY = "libc++";
				CLANG_ENABLE_MODULES = YES;
				CLANG_ENABLE_OBJC_ARC = YES;
				CLANG_ENABLE_OBJC_WEAK = YES;
				CLANG_WARN_BLOCK_CAPTURE_AUTORELEASING = YES;
				CLANG_WARN_BOOL_CONVERSION = YES;
				CLANG_WARN_COMMA = YES;
				CLANG_WARN_CONSTANT_CONVERSION = YES;
				CLANG_WARN_DEPRECATED_OBJC_IMPLEMENTATIONS = YES;
				CLANG_WARN_DIRECT_OBJC_ISA_USAGE = YES_ERROR;
				CLANG_WARN_DOCUMENTATION_COMMENTS = YES;
				CLANG_WARN_EMPTY_BODY = YES;
				CLANG_WARN_ENUM_CONVERSION = YES;
				CLANG_WARN_INFINITE_RECURSION = YES;
				CLANG_WARN_INT_CONVERSION = YES;
				CLANG_WARN_NON_LITERAL_NULL_CONVERSION = YES;
				CLANG_WARN_OBJC_IMPLICIT_RETAIN_SELF = YES;
				CLANG_WARN_OBJC_LITERAL_CONVERSION = YES;
				CLANG_WARN_OBJC_ROOT_CLASS = YES_ERROR;
				CLANG_WARN_RANGE_LOOP_ANALYSIS = YES;
				CLANG_WARN_STRICT_PROTOTYPES = YES;
				CLANG_WARN_SUSPICIOUS_MOVE = YES;
				CLANG_WARN_UNGUARDED_AVAILABILITY = YES_AGGRESSIVE;
				CLANG_WARN_UNREACHABLE_CODE = YES;
				CLANG_WARN__DUPLICATE_METHOD_MATCH = YES;
				COPY_PHASE_STRIP = NO;
				DEBUG_INFORMATION_FORMAT = "dwarf-with-dsym";
				ENABLE_NS_ASSERTIONS = NO;
				ENABLE_STRICT_OBJC_MSGSEND = YES;
				GCC_C_LANGUAGE_STANDARD = gnu11;
				GCC_NO_COMMON_BLOCKS = YES;
				GCC_WARN_64_TO_32_BIT_CONVERSION = YES;
				GCC_WARN_ABOUT_RETURN_TYPE = YES_ERROR;
				GCC_WARN_UNDECLARED_SELECTOR = YES;
				GCC_WARN_UNINITIALIZED_AUTOS = YES_AGGRESSIVE;
				GCC_WARN_UNUSED_FUNCTION = YES;
				GCC_WARN_UNUSED_VARIABLE = YES;
				IPHONEOS_DEPLOYMENT_TARGET = 13.2;
				MTL_ENABLE_DEBUG_INFO = NO;
				MTL_FAST_MATH = YES;
				SDKROOT = iphoneos;
				SWIFT_COMPILATION_MODE = wholemodule;
				SWIFT_OPTIMIZATION_LEVEL = "-O";
				VALIDATE_PRODUCT = YES;
			};
			name = Release;
		};
		90ADD01A242404A800985668 /* Debug */ = {
			isa = XCBuildConfiguration;
			buildSettings = {
				ASSETCATALOG_COMPILER_APPICON_NAME = AppIcon;
				CODE_SIGN_STYLE = Automatic;
				DEVELOPMENT_ASSET_PATHS = "\"GifUp/Preview Content\"";
				DEVELOPMENT_TEAM = 87M3X4NP56;
				ENABLE_PREVIEWS = YES;
				INFOPLIST_FILE = GifUp/Info.plist;
				LD_RUNPATH_SEARCH_PATHS = (
					"$(inherited)",
					"@executable_path/Frameworks",
				);
				PRODUCT_BUNDLE_IDENTIFIER = app.nighthawk.GifUp;
				PRODUCT_NAME = "$(TARGET_NAME)";
				SWIFT_VERSION = 5.0;
				TARGETED_DEVICE_FAMILY = "1,2";
			};
			name = Debug;
		};
		90ADD01B242404A800985668 /* Release */ = {
			isa = XCBuildConfiguration;
			buildSettings = {
				ASSETCATALOG_COMPILER_APPICON_NAME = AppIcon;
				CODE_SIGN_STYLE = Automatic;
				DEVELOPMENT_ASSET_PATHS = "\"GifUp/Preview Content\"";
				DEVELOPMENT_TEAM = 87M3X4NP56;
				ENABLE_PREVIEWS = YES;
				INFOPLIST_FILE = GifUp/Info.plist;
				LD_RUNPATH_SEARCH_PATHS = (
					"$(inherited)",
					"@executable_path/Frameworks",
				);
				PRODUCT_BUNDLE_IDENTIFIER = app.nighthawk.GifUp;
				PRODUCT_NAME = "$(TARGET_NAME)";
				SWIFT_VERSION = 5.0;
				TARGETED_DEVICE_FAMILY = "1,2";
			};
			name = Release;
		};
		90ADD01D242404A800985668 /* Debug */ = {
			isa = XCBuildConfiguration;
			buildSettings = {
				ALWAYS_EMBED_SWIFT_STANDARD_LIBRARIES = YES;
				BUNDLE_LOADER = "$(TEST_HOST)";
				CODE_SIGN_STYLE = Automatic;
				DEVELOPMENT_TEAM = 87M3X4NP56;
				INFOPLIST_FILE = GifUpTests/Info.plist;
				IPHONEOS_DEPLOYMENT_TARGET = 13.2;
				LD_RUNPATH_SEARCH_PATHS = (
					"$(inherited)",
					"@executable_path/Frameworks",
					"@loader_path/Frameworks",
				);
				PRODUCT_BUNDLE_IDENTIFIER = app.nighthawk.GifUpTests;
				PRODUCT_NAME = "$(TARGET_NAME)";
				SWIFT_VERSION = 5.0;
				TARGETED_DEVICE_FAMILY = "1,2";
				TEST_HOST = "$(BUILT_PRODUCTS_DIR)/GifUp.app/GifUp";
			};
			name = Debug;
		};
		90ADD01E242404A800985668 /* Release */ = {
			isa = XCBuildConfiguration;
			buildSettings = {
				ALWAYS_EMBED_SWIFT_STANDARD_LIBRARIES = YES;
				BUNDLE_LOADER = "$(TEST_HOST)";
				CODE_SIGN_STYLE = Automatic;
				DEVELOPMENT_TEAM = 87M3X4NP56;
				INFOPLIST_FILE = GifUpTests/Info.plist;
				IPHONEOS_DEPLOYMENT_TARGET = 13.2;
				LD_RUNPATH_SEARCH_PATHS = (
					"$(inherited)",
					"@executable_path/Frameworks",
					"@loader_path/Frameworks",
				);
				PRODUCT_BUNDLE_IDENTIFIER = app.nighthawk.GifUpTests;
				PRODUCT_NAME = "$(TARGET_NAME)";
				SWIFT_VERSION = 5.0;
				TARGETED_DEVICE_FAMILY = "1,2";
				TEST_HOST = "$(BUILT_PRODUCTS_DIR)/GifUp.app/GifUp";
			};
			name = Release;
		};
		90ADD020242404A800985668 /* Debug */ = {
			isa = XCBuildConfiguration;
			buildSettings = {
				ALWAYS_EMBED_SWIFT_STANDARD_LIBRARIES = YES;
				CODE_SIGN_STYLE = Automatic;
				DEVELOPMENT_TEAM = 87M3X4NP56;
				INFOPLIST_FILE = GifUpUITests/Info.plist;
				LD_RUNPATH_SEARCH_PATHS = (
					"$(inherited)",
					"@executable_path/Frameworks",
					"@loader_path/Frameworks",
				);
				PRODUCT_BUNDLE_IDENTIFIER = app.nighthawk.GifUpUITests;
				PRODUCT_NAME = "$(TARGET_NAME)";
				SWIFT_VERSION = 5.0;
				TARGETED_DEVICE_FAMILY = "1,2";
				TEST_TARGET_NAME = GifUp;
			};
			name = Debug;
		};
		90ADD021242404A800985668 /* Release */ = {
			isa = XCBuildConfiguration;
			buildSettings = {
				ALWAYS_EMBED_SWIFT_STANDARD_LIBRARIES = YES;
				CODE_SIGN_STYLE = Automatic;
				DEVELOPMENT_TEAM = 87M3X4NP56;
				INFOPLIST_FILE = GifUpUITests/Info.plist;
				LD_RUNPATH_SEARCH_PATHS = (
					"$(inherited)",
					"@executable_path/Frameworks",
					"@loader_path/Frameworks",
				);
				PRODUCT_BUNDLE_IDENTIFIER = app.nighthawk.GifUpUITests;
				PRODUCT_NAME = "$(TARGET_NAME)";
				SWIFT_VERSION = 5.0;
				TARGETED_DEVICE_FAMILY = "1,2";
				TEST_TARGET_NAME = GifUp;
			};
			name = Release;
		};
/* End XCBuildConfiguration section */

/* Begin XCConfigurationList section */
		90ADCFEA242404A400985668 /* Build configuration list for PBXProject "GifUp" */ = {
			isa = XCConfigurationList;
			buildConfigurations = (
				90ADD017242404A800985668 /* Debug */,
				90ADD018242404A800985668 /* Release */,
			);
			defaultConfigurationIsVisible = 0;
			defaultConfigurationName = Release;
		};
		90ADD019242404A800985668 /* Build configuration list for PBXNativeTarget "GifUp" */ = {
			isa = XCConfigurationList;
			buildConfigurations = (
				90ADD01A242404A800985668 /* Debug */,
				90ADD01B242404A800985668 /* Release */,
			);
			defaultConfigurationIsVisible = 0;
			defaultConfigurationName = Release;
		};
		90ADD01C242404A800985668 /* Build configuration list for PBXNativeTarget "GifUpTests" */ = {
			isa = XCConfigurationList;
			buildConfigurations = (
				90ADD01D242404A800985668 /* Debug */,
				90ADD01E242404A800985668 /* Release */,
			);
			defaultConfigurationIsVisible = 0;
			defaultConfigurationName = Release;
		};
		90ADD01F242404A800985668 /* Build configuration list for PBXNativeTarget "GifUpUITests" */ = {
			isa = XCConfigurationList;
			buildConfigurations = (
				90ADD020242404A800985668 /* Debug */,
				90ADD021242404A800985668 /* Release */,
			);
			defaultConfigurationIsVisible = 0;
			defaultConfigurationName = Release;
		};
/* End XCConfigurationList section */
	};
	rootObject = 90ADCFE7242404A400985668 /* Project object */;
}
